// !$*UTF8*$!
{
	archiveVersion = 1;
	classes = {
	};
	objectVersion = 56;
	objects = {

/* Begin PBXBuildFile section */
		3B0222702C74983000E738FF /* ASAuthorizationControllerCombineDelegate.swift in Sources */ = {isa = PBXBuildFile; fileRef = 3B02226F2C74983000E738FF /* ASAuthorizationControllerCombineDelegate.swift */; };
		3B30D7772C8EFE3F007DC378 /* GoogleService-Info.plist in Resources */ = {isa = PBXBuildFile; fileRef = 3B30D7762C8EFE3F007DC378 /* GoogleService-Info.plist */; };
		3B30D77D2C8F0B63007DC378 /* FirebaseAnalytics in Frameworks */ = {isa = PBXBuildFile; productRef = 3B30D77C2C8F0B63007DC378 /* FirebaseAnalytics */; };
		3B30D77F2C8F0B63007DC378 /* FirebaseMessaging in Frameworks */ = {isa = PBXBuildFile; productRef = 3B30D77E2C8F0B63007DC378 /* FirebaseMessaging */; };
		3B5587872C733F1A00EBA61F /* AppDelegate.swift in Sources */ = {isa = PBXBuildFile; fileRef = 3B5587862C733F1A00EBA61F /* AppDelegate.swift */; };
		3B5587892C733F1A00EBA61F /* SceneDelegate.swift in Sources */ = {isa = PBXBuildFile; fileRef = 3B5587882C733F1A00EBA61F /* SceneDelegate.swift */; };
		3B55878B2C733F1A00EBA61F /* AuthViewController.swift in Sources */ = {isa = PBXBuildFile; fileRef = 3B55878A2C733F1A00EBA61F /* AuthViewController.swift */; };
		3B5587902C733F1B00EBA61F /* Assets.xcassets in Resources */ = {isa = PBXBuildFile; fileRef = 3B55878F2C733F1B00EBA61F /* Assets.xcassets */; };
		3B5587932C733F1B00EBA61F /* LaunchScreen.storyboard in Resources */ = {isa = PBXBuildFile; fileRef = 3B5587912C733F1B00EBA61F /* LaunchScreen.storyboard */; };
		3B55879E2C733F1C00EBA61F /* FourcutDiaryTests.swift in Sources */ = {isa = PBXBuildFile; fileRef = 3B55879D2C733F1C00EBA61F /* FourcutDiaryTests.swift */; };
		3B5587A82C733F1C00EBA61F /* FourcutDiaryUITests.swift in Sources */ = {isa = PBXBuildFile; fileRef = 3B5587A72C733F1C00EBA61F /* FourcutDiaryUITests.swift */; };
		3B5587AA2C733F1C00EBA61F /* FourcutDiaryUITestsLaunchTests.swift in Sources */ = {isa = PBXBuildFile; fileRef = 3B5587A92C733F1C00EBA61F /* FourcutDiaryUITestsLaunchTests.swift */; };
		3B5587B92C73439C00EBA61F /* SnapKit in Frameworks */ = {isa = PBXBuildFile; productRef = 3B5587B82C73439C00EBA61F /* SnapKit */; };
		3B5587C12C73516600EBA61F /* Colors.xcassets in Resources */ = {isa = PBXBuildFile; fileRef = 3B5587C02C73516600EBA61F /* Colors.xcassets */; };
		3B5587C42C73535300EBA61F /* ViewModel.swift in Sources */ = {isa = PBXBuildFile; fileRef = 3B5587C32C73535300EBA61F /* ViewModel.swift */; };
		3B5587C82C73557200EBA61F /* AuthViewModel.swift in Sources */ = {isa = PBXBuildFile; fileRef = 3B5587C72C73557200EBA61F /* AuthViewModel.swift */; };
		3B5587CB2C73559A00EBA61F /* AuthViewModelImpl.swift in Sources */ = {isa = PBXBuildFile; fileRef = 3B5587CA2C73559A00EBA61F /* AuthViewModelImpl.swift */; };
		3B5587CE2C7359A000EBA61F /* Combine+.swift in Sources */ = {isa = PBXBuildFile; fileRef = 3B5587CD2C7359A000EBA61F /* Combine+.swift */; };
		3B5587D42C736F4E00EBA61F /* AppleLoginManager.swift in Sources */ = {isa = PBXBuildFile; fileRef = 3B5587D32C736F4E00EBA61F /* AppleLoginManager.swift */; };
		3B7EFFF02C86219E006C9BEA /* OAuthManager.swift in Sources */ = {isa = PBXBuildFile; fileRef = 3B7EFFEF2C86219E006C9BEA /* OAuthManager.swift */; };
		3B7EFFF32C8621EF006C9BEA /* LoginType.swift in Sources */ = {isa = PBXBuildFile; fileRef = 3B7EFFF22C8621EF006C9BEA /* LoginType.swift */; };
		3B7EFFF52C8626BA006C9BEA /* OAuthManagerImpl.swift in Sources */ = {isa = PBXBuildFile; fileRef = 3B7EFFF42C8626BA006C9BEA /* OAuthManagerImpl.swift */; };
		3BAD27F32C89C72800279C9C /* Config.swift in Sources */ = {isa = PBXBuildFile; fileRef = 3BAD27F22C89C72800279C9C /* Config.swift */; };
		3BC681582C8705A400E9E5DB /* AuthService.swift in Sources */ = {isa = PBXBuildFile; fileRef = 3BC681572C8705A400E9E5DB /* AuthService.swift */; };
		3BDCA9FA2C7DD16800825EAB /* KakaoLoginManager.swift in Sources */ = {isa = PBXBuildFile; fileRef = 3BDCA9F92C7DD16800825EAB /* KakaoLoginManager.swift */; };
		3BDCA9FF2C7DD2B400825EAB /* KakaoSDK in Frameworks */ = {isa = PBXBuildFile; productRef = 3BDCA9FE2C7DD2B400825EAB /* KakaoSDK */; };
		3BDCAA012C7DD2B400825EAB /* KakaoSDKAuth in Frameworks */ = {isa = PBXBuildFile; productRef = 3BDCAA002C7DD2B400825EAB /* KakaoSDKAuth */; };
		3BF326962C863DD6008C3190 /* UIView+.swift in Sources */ = {isa = PBXBuildFile; fileRef = 3BF326952C863DD6008C3190 /* UIView+.swift */; };
/* End PBXBuildFile section */

/* Begin PBXContainerItemProxy section */
		3B55879A2C733F1C00EBA61F /* PBXContainerItemProxy */ = {
			isa = PBXContainerItemProxy;
			containerPortal = 3B55877B2C733F1A00EBA61F /* Project object */;
			proxyType = 1;
			remoteGlobalIDString = 3B5587822C733F1A00EBA61F;
			remoteInfo = FourcutDiary;
		};
		3B5587A42C733F1C00EBA61F /* PBXContainerItemProxy */ = {
			isa = PBXContainerItemProxy;
			containerPortal = 3B55877B2C733F1A00EBA61F /* Project object */;
			proxyType = 1;
			remoteGlobalIDString = 3B5587822C733F1A00EBA61F;
			remoteInfo = FourcutDiary;
		};
/* End PBXContainerItemProxy section */

/* Begin PBXFileReference section */
		3B02226F2C74983000E738FF /* ASAuthorizationControllerCombineDelegate.swift */ = {isa = PBXFileReference; lastKnownFileType = sourcecode.swift; path = ASAuthorizationControllerCombineDelegate.swift; sourceTree = "<group>"; };
		3B30D7762C8EFE3F007DC378 /* GoogleService-Info.plist */ = {isa = PBXFileReference; fileEncoding = 4; lastKnownFileType = text.plist.xml; path = "GoogleService-Info.plist"; sourceTree = "<group>"; };
		3B5587832C733F1A00EBA61F /* FourcutDiary.app */ = {isa = PBXFileReference; explicitFileType = wrapper.application; includeInIndex = 0; path = FourcutDiary.app; sourceTree = BUILT_PRODUCTS_DIR; };
		3B5587862C733F1A00EBA61F /* AppDelegate.swift */ = {isa = PBXFileReference; lastKnownFileType = sourcecode.swift; path = AppDelegate.swift; sourceTree = "<group>"; };
		3B5587882C733F1A00EBA61F /* SceneDelegate.swift */ = {isa = PBXFileReference; lastKnownFileType = sourcecode.swift; path = SceneDelegate.swift; sourceTree = "<group>"; };
		3B55878A2C733F1A00EBA61F /* AuthViewController.swift */ = {isa = PBXFileReference; lastKnownFileType = sourcecode.swift; path = AuthViewController.swift; sourceTree = "<group>"; };
		3B55878F2C733F1B00EBA61F /* Assets.xcassets */ = {isa = PBXFileReference; lastKnownFileType = folder.assetcatalog; path = Assets.xcassets; sourceTree = "<group>"; };
		3B5587922C733F1B00EBA61F /* Base */ = {isa = PBXFileReference; lastKnownFileType = file.storyboard; name = Base; path = Base.lproj/LaunchScreen.storyboard; sourceTree = "<group>"; };
		3B5587942C733F1B00EBA61F /* Info.plist */ = {isa = PBXFileReference; lastKnownFileType = text.plist.xml; path = Info.plist; sourceTree = "<group>"; };
		3B5587992C733F1C00EBA61F /* FourcutDiaryTests.xctest */ = {isa = PBXFileReference; explicitFileType = wrapper.cfbundle; includeInIndex = 0; path = FourcutDiaryTests.xctest; sourceTree = BUILT_PRODUCTS_DIR; };
		3B55879D2C733F1C00EBA61F /* FourcutDiaryTests.swift */ = {isa = PBXFileReference; lastKnownFileType = sourcecode.swift; path = FourcutDiaryTests.swift; sourceTree = "<group>"; };
		3B5587A32C733F1C00EBA61F /* FourcutDiaryUITests.xctest */ = {isa = PBXFileReference; explicitFileType = wrapper.cfbundle; includeInIndex = 0; path = FourcutDiaryUITests.xctest; sourceTree = BUILT_PRODUCTS_DIR; };
		3B5587A72C733F1C00EBA61F /* FourcutDiaryUITests.swift */ = {isa = PBXFileReference; lastKnownFileType = sourcecode.swift; path = FourcutDiaryUITests.swift; sourceTree = "<group>"; };
		3B5587A92C733F1C00EBA61F /* FourcutDiaryUITestsLaunchTests.swift */ = {isa = PBXFileReference; lastKnownFileType = sourcecode.swift; path = FourcutDiaryUITestsLaunchTests.swift; sourceTree = "<group>"; };
		3B5587C02C73516600EBA61F /* Colors.xcassets */ = {isa = PBXFileReference; lastKnownFileType = folder.assetcatalog; path = Colors.xcassets; sourceTree = "<group>"; };
		3B5587C32C73535300EBA61F /* ViewModel.swift */ = {isa = PBXFileReference; lastKnownFileType = sourcecode.swift; path = ViewModel.swift; sourceTree = "<group>"; };
		3B5587C72C73557200EBA61F /* AuthViewModel.swift */ = {isa = PBXFileReference; lastKnownFileType = sourcecode.swift; path = AuthViewModel.swift; sourceTree = "<group>"; };
		3B5587CA2C73559A00EBA61F /* AuthViewModelImpl.swift */ = {isa = PBXFileReference; lastKnownFileType = sourcecode.swift; path = AuthViewModelImpl.swift; sourceTree = "<group>"; };
		3B5587CD2C7359A000EBA61F /* Combine+.swift */ = {isa = PBXFileReference; lastKnownFileType = sourcecode.swift; path = "Combine+.swift"; sourceTree = "<group>"; };
		3B5587D12C7364AA00EBA61F /* FourcutDiary.entitlements */ = {isa = PBXFileReference; lastKnownFileType = text.plist.entitlements; path = FourcutDiary.entitlements; sourceTree = "<group>"; };
		3B5587D32C736F4E00EBA61F /* AppleLoginManager.swift */ = {isa = PBXFileReference; lastKnownFileType = sourcecode.swift; path = AppleLoginManager.swift; sourceTree = "<group>"; };
		3B7EFFEF2C86219E006C9BEA /* OAuthManager.swift */ = {isa = PBXFileReference; lastKnownFileType = sourcecode.swift; path = OAuthManager.swift; sourceTree = "<group>"; };
		3B7EFFF22C8621EF006C9BEA /* LoginType.swift */ = {isa = PBXFileReference; lastKnownFileType = sourcecode.swift; path = LoginType.swift; sourceTree = "<group>"; };
		3B7EFFF42C8626BA006C9BEA /* OAuthManagerImpl.swift */ = {isa = PBXFileReference; lastKnownFileType = sourcecode.swift; path = OAuthManagerImpl.swift; sourceTree = "<group>"; };
		3BAD27F02C89C3FD00279C9C /* Debug.xcconfig */ = {isa = PBXFileReference; lastKnownFileType = text.xcconfig; path = Debug.xcconfig; sourceTree = "<group>"; };
		3BAD27F22C89C72800279C9C /* Config.swift */ = {isa = PBXFileReference; lastKnownFileType = sourcecode.swift; path = Config.swift; sourceTree = "<group>"; };
		3BC681572C8705A400E9E5DB /* AuthService.swift */ = {isa = PBXFileReference; lastKnownFileType = sourcecode.swift; path = AuthService.swift; sourceTree = "<group>"; };
		3BDCA9F92C7DD16800825EAB /* KakaoLoginManager.swift */ = {isa = PBXFileReference; lastKnownFileType = sourcecode.swift; path = KakaoLoginManager.swift; sourceTree = "<group>"; };
		3BF326952C863DD6008C3190 /* UIView+.swift */ = {isa = PBXFileReference; lastKnownFileType = sourcecode.swift; path = "UIView+.swift"; sourceTree = "<group>"; };
/* End PBXFileReference section */

/* Begin PBXFrameworksBuildPhase section */
		3B5587802C733F1A00EBA61F /* Frameworks */ = {
			isa = PBXFrameworksBuildPhase;
			buildActionMask = 2147483647;
			files = (
				3B5587B92C73439C00EBA61F /* SnapKit in Frameworks */,
				3BDCA9FF2C7DD2B400825EAB /* KakaoSDK in Frameworks */,
				3B30D77F2C8F0B63007DC378 /* FirebaseMessaging in Frameworks */,
				3B30D77D2C8F0B63007DC378 /* FirebaseAnalytics in Frameworks */,
				3BDCAA012C7DD2B400825EAB /* KakaoSDKAuth in Frameworks */,
			);
			runOnlyForDeploymentPostprocessing = 0;
		};
		3B5587962C733F1C00EBA61F /* Frameworks */ = {
			isa = PBXFrameworksBuildPhase;
			buildActionMask = 2147483647;
			files = (
			);
			runOnlyForDeploymentPostprocessing = 0;
		};
		3B5587A02C733F1C00EBA61F /* Frameworks */ = {
			isa = PBXFrameworksBuildPhase;
			buildActionMask = 2147483647;
			files = (
			);
			runOnlyForDeploymentPostprocessing = 0;
		};
/* End PBXFrameworksBuildPhase section */

/* Begin PBXGroup section */
		3B02226E2C74980B00E738FF /* OAuth */ = {
			isa = PBXGroup;
			children = (
				3BDCA9F82C7DD15C00825EAB /* Kakao */,
				3BDCA9F72C7DD14E00825EAB /* Apple */,
				3B7EFFEF2C86219E006C9BEA /* OAuthManager.swift */,
				3B7EFFF42C8626BA006C9BEA /* OAuthManagerImpl.swift */,
			);
			path = OAuth;
			sourceTree = "<group>";
		};
		3B55877A2C733F1A00EBA61F = {
			isa = PBXGroup;
			children = (
				3B5587D12C7364AA00EBA61F /* FourcutDiary.entitlements */,
				3B5587852C733F1A00EBA61F /* FourcutDiary */,
				3B55879C2C733F1C00EBA61F /* FourcutDiaryTests */,
				3B5587A62C733F1C00EBA61F /* FourcutDiaryUITests */,
				3B5587842C733F1A00EBA61F /* Products */,
			);
			sourceTree = "<group>";
		};
		3B5587842C733F1A00EBA61F /* Products */ = {
			isa = PBXGroup;
			children = (
				3B5587832C733F1A00EBA61F /* FourcutDiary.app */,
				3B5587992C733F1C00EBA61F /* FourcutDiaryTests.xctest */,
				3B5587A32C733F1C00EBA61F /* FourcutDiaryUITests.xctest */,
			);
			name = Products;
			sourceTree = "<group>";
		};
		3B5587852C733F1A00EBA61F /* FourcutDiary */ = {
			isa = PBXGroup;
			children = (
				3BAD27F12C89C71600279C9C /* Configuration */,
				3BDCA9FB2C7DD1A400825EAB /* Network */,
				3B5587BD2C73505200EBA61F /* Application */,
				3B5587BE2C73514000EBA61F /* Global */,
				3B5587C52C7353BC00EBA61F /* Scenes */,
			);
			path = FourcutDiary;
			sourceTree = "<group>";
		};
		3B55879C2C733F1C00EBA61F /* FourcutDiaryTests */ = {
			isa = PBXGroup;
			children = (
				3B55879D2C733F1C00EBA61F /* FourcutDiaryTests.swift */,
			);
			path = FourcutDiaryTests;
			sourceTree = "<group>";
		};
		3B5587A62C733F1C00EBA61F /* FourcutDiaryUITests */ = {
			isa = PBXGroup;
			children = (
				3B5587A72C733F1C00EBA61F /* FourcutDiaryUITests.swift */,
				3B5587A92C733F1C00EBA61F /* FourcutDiaryUITestsLaunchTests.swift */,
			);
			path = FourcutDiaryUITests;
			sourceTree = "<group>";
		};
		3B5587BD2C73505200EBA61F /* Application */ = {
			isa = PBXGroup;
			children = (
				3B30D7762C8EFE3F007DC378 /* GoogleService-Info.plist */,
				3B5587912C733F1B00EBA61F /* LaunchScreen.storyboard */,
				3B5587862C733F1A00EBA61F /* AppDelegate.swift */,
				3B5587882C733F1A00EBA61F /* SceneDelegate.swift */,
				3B5587942C733F1B00EBA61F /* Info.plist */,
			);
			path = Application;
			sourceTree = "<group>";
		};
		3B5587BE2C73514000EBA61F /* Global */ = {
			isa = PBXGroup;
			children = (
				3B7EFFF12C8621D5006C9BEA /* Enums */,
				3B5587D22C736F3800EBA61F /* Utils */,
				3B5587CC2C7357E700EBA61F /* Extensions */,
				3B5587C22C73533F00EBA61F /* Protocols */,
				3B5587BF2C73514300EBA61F /* Resources */,
			);
			path = Global;
			sourceTree = "<group>";
		};
		3B5587BF2C73514300EBA61F /* Resources */ = {
			isa = PBXGroup;
			children = (
				3B55878F2C733F1B00EBA61F /* Assets.xcassets */,
				3B5587C02C73516600EBA61F /* Colors.xcassets */,
			);
			path = Resources;
			sourceTree = "<group>";
		};
		3B5587C22C73533F00EBA61F /* Protocols */ = {
			isa = PBXGroup;
			children = (
				3B5587C32C73535300EBA61F /* ViewModel.swift */,
			);
			path = Protocols;
			sourceTree = "<group>";
		};
		3B5587C52C7353BC00EBA61F /* Scenes */ = {
			isa = PBXGroup;
			children = (
				3B5587C62C73556500EBA61F /* Auth */,
			);
			path = Scenes;
			sourceTree = "<group>";
		};
		3B5587C62C73556500EBA61F /* Auth */ = {
			isa = PBXGroup;
			children = (
				3B5587C92C73558D00EBA61F /* ViewModel */,
				3B55878A2C733F1A00EBA61F /* AuthViewController.swift */,
			);
			path = Auth;
			sourceTree = "<group>";
		};
		3B5587C92C73558D00EBA61F /* ViewModel */ = {
			isa = PBXGroup;
			children = (
				3B5587C72C73557200EBA61F /* AuthViewModel.swift */,
				3B5587CA2C73559A00EBA61F /* AuthViewModelImpl.swift */,
			);
			path = ViewModel;
			sourceTree = "<group>";
		};
		3B5587CC2C7357E700EBA61F /* Extensions */ = {
			isa = PBXGroup;
			children = (
				3B5587CD2C7359A000EBA61F /* Combine+.swift */,
				3BF326952C863DD6008C3190 /* UIView+.swift */,
			);
			path = Extensions;
			sourceTree = "<group>";
		};
		3B5587D22C736F3800EBA61F /* Utils */ = {
			isa = PBXGroup;
			children = (
			);
			path = Utils;
			sourceTree = "<group>";
		};
		3B7EFFF12C8621D5006C9BEA /* Enums */ = {
			isa = PBXGroup;
			children = (
				3B7EFFF22C8621EF006C9BEA /* LoginType.swift */,
			);
			path = Enums;
			sourceTree = "<group>";
		};
		3BAD27F12C89C71600279C9C /* Configuration */ = {
			isa = PBXGroup;
			children = (
				3BAD27F02C89C3FD00279C9C /* Debug.xcconfig */,
				3BAD27F22C89C72800279C9C /* Config.swift */,
			);
			path = Configuration;
			sourceTree = "<group>";
		};
		3BC681552C87059400E9E5DB /* Service */ = {
			isa = PBXGroup;
			children = (
				3BC681562C87059D00E9E5DB /* Auth */,
			);
			path = Service;
			sourceTree = "<group>";
		};
		3BC681562C87059D00E9E5DB /* Auth */ = {
			isa = PBXGroup;
			children = (
				3BC681572C8705A400E9E5DB /* AuthService.swift */,
			);
			path = Auth;
			sourceTree = "<group>";
		};
		3BDCA9F72C7DD14E00825EAB /* Apple */ = {
			isa = PBXGroup;
			children = (
				3B5587D32C736F4E00EBA61F /* AppleLoginManager.swift */,
				3B02226F2C74983000E738FF /* ASAuthorizationControllerCombineDelegate.swift */,
			);
			path = Apple;
			sourceTree = "<group>";
		};
		3BDCA9F82C7DD15C00825EAB /* Kakao */ = {
			isa = PBXGroup;
			children = (
				3BDCA9F92C7DD16800825EAB /* KakaoLoginManager.swift */,
			);
			path = Kakao;
			sourceTree = "<group>";
		};
		3BDCA9FB2C7DD1A400825EAB /* Network */ = {
			isa = PBXGroup;
			children = (
				3BC681552C87059400E9E5DB /* Service */,
				3BDCA9FC2C7DD1B000825EAB /* Manager */,
			);
			path = Network;
			sourceTree = "<group>";
		};
		3BDCA9FC2C7DD1B000825EAB /* Manager */ = {
			isa = PBXGroup;
			children = (
				3B02226E2C74980B00E738FF /* OAuth */,
			);
			path = Manager;
			sourceTree = "<group>";
		};
/* End PBXGroup section */

/* Begin PBXNativeTarget section */
		3B5587822C733F1A00EBA61F /* FourcutDiary */ = {
			isa = PBXNativeTarget;
			buildConfigurationList = 3B5587AD2C733F1C00EBA61F /* Build configuration list for PBXNativeTarget "FourcutDiary" */;
			buildPhases = (
				3B55877F2C733F1A00EBA61F /* Sources */,
				3B5587802C733F1A00EBA61F /* Frameworks */,
				3B5587812C733F1A00EBA61F /* Resources */,
			);
			buildRules = (
			);
			dependencies = (
			);
			name = FourcutDiary;
			packageProductDependencies = (
				3B5587B82C73439C00EBA61F /* SnapKit */,
				3BDCA9FE2C7DD2B400825EAB /* KakaoSDK */,
				3BDCAA002C7DD2B400825EAB /* KakaoSDKAuth */,
				3B30D77C2C8F0B63007DC378 /* FirebaseAnalytics */,
				3B30D77E2C8F0B63007DC378 /* FirebaseMessaging */,
			);
			productName = FourcutDiary;
			productReference = 3B5587832C733F1A00EBA61F /* FourcutDiary.app */;
			productType = "com.apple.product-type.application";
		};
		3B5587982C733F1C00EBA61F /* FourcutDiaryTests */ = {
			isa = PBXNativeTarget;
			buildConfigurationList = 3B5587B02C733F1C00EBA61F /* Build configuration list for PBXNativeTarget "FourcutDiaryTests" */;
			buildPhases = (
				3B5587952C733F1C00EBA61F /* Sources */,
				3B5587962C733F1C00EBA61F /* Frameworks */,
				3B5587972C733F1C00EBA61F /* Resources */,
			);
			buildRules = (
			);
			dependencies = (
				3B55879B2C733F1C00EBA61F /* PBXTargetDependency */,
			);
			name = FourcutDiaryTests;
			productName = FourcutDiaryTests;
			productReference = 3B5587992C733F1C00EBA61F /* FourcutDiaryTests.xctest */;
			productType = "com.apple.product-type.bundle.unit-test";
		};
		3B5587A22C733F1C00EBA61F /* FourcutDiaryUITests */ = {
			isa = PBXNativeTarget;
			buildConfigurationList = 3B5587B32C733F1C00EBA61F /* Build configuration list for PBXNativeTarget "FourcutDiaryUITests" */;
			buildPhases = (
				3B55879F2C733F1C00EBA61F /* Sources */,
				3B5587A02C733F1C00EBA61F /* Frameworks */,
				3B5587A12C733F1C00EBA61F /* Resources */,
			);
			buildRules = (
			);
			dependencies = (
				3B5587A52C733F1C00EBA61F /* PBXTargetDependency */,
			);
			name = FourcutDiaryUITests;
			productName = FourcutDiaryUITests;
			productReference = 3B5587A32C733F1C00EBA61F /* FourcutDiaryUITests.xctest */;
			productType = "com.apple.product-type.bundle.ui-testing";
		};
/* End PBXNativeTarget section */

/* Begin PBXProject section */
		3B55877B2C733F1A00EBA61F /* Project object */ = {
			isa = PBXProject;
			attributes = {
				BuildIndependentTargetsInParallel = 1;
				LastSwiftUpdateCheck = 1520;
				LastUpgradeCheck = 1520;
				TargetAttributes = {
					3B5587822C733F1A00EBA61F = {
						CreatedOnToolsVersion = 15.2;
					};
					3B5587982C733F1C00EBA61F = {
						CreatedOnToolsVersion = 15.2;
						TestTargetID = 3B5587822C733F1A00EBA61F;
					};
					3B5587A22C733F1C00EBA61F = {
						CreatedOnToolsVersion = 15.2;
						TestTargetID = 3B5587822C733F1A00EBA61F;
					};
				};
			};
			buildConfigurationList = 3B55877E2C733F1A00EBA61F /* Build configuration list for PBXProject "FourcutDiary" */;
			compatibilityVersion = "Xcode 14.0";
			developmentRegion = en;
			hasScannedForEncodings = 0;
			knownRegions = (
				en,
				Base,
			);
			mainGroup = 3B55877A2C733F1A00EBA61F;
			packageReferences = (
				3B5587B72C73439C00EBA61F /* XCRemoteSwiftPackageReference "SnapKit" */,
				3BDCA9FD2C7DD2B400825EAB /* XCRemoteSwiftPackageReference "kakao-ios-sdk" */,
				3B30D77B2C8F0B63007DC378 /* XCRemoteSwiftPackageReference "firebase-ios-sdk" */,
			);
			productRefGroup = 3B5587842C733F1A00EBA61F /* Products */;
			projectDirPath = "";
			projectRoot = "";
			targets = (
				3B5587822C733F1A00EBA61F /* FourcutDiary */,
				3B5587982C733F1C00EBA61F /* FourcutDiaryTests */,
				3B5587A22C733F1C00EBA61F /* FourcutDiaryUITests */,
			);
		};
/* End PBXProject section */

/* Begin PBXResourcesBuildPhase section */
		3B5587812C733F1A00EBA61F /* Resources */ = {
			isa = PBXResourcesBuildPhase;
			buildActionMask = 2147483647;
			files = (
				3B5587C12C73516600EBA61F /* Colors.xcassets in Resources */,
				3B30D7772C8EFE3F007DC378 /* GoogleService-Info.plist in Resources */,
				3B5587932C733F1B00EBA61F /* LaunchScreen.storyboard in Resources */,
				3B5587902C733F1B00EBA61F /* Assets.xcassets in Resources */,
			);
			runOnlyForDeploymentPostprocessing = 0;
		};
		3B5587972C733F1C00EBA61F /* Resources */ = {
			isa = PBXResourcesBuildPhase;
			buildActionMask = 2147483647;
			files = (
			);
			runOnlyForDeploymentPostprocessing = 0;
		};
		3B5587A12C733F1C00EBA61F /* Resources */ = {
			isa = PBXResourcesBuildPhase;
			buildActionMask = 2147483647;
			files = (
			);
			runOnlyForDeploymentPostprocessing = 0;
		};
/* End PBXResourcesBuildPhase section */

/* Begin PBXSourcesBuildPhase section */
		3B55877F2C733F1A00EBA61F /* Sources */ = {
			isa = PBXSourcesBuildPhase;
			buildActionMask = 2147483647;
			files = (
				3B5587C42C73535300EBA61F /* ViewModel.swift in Sources */,
				3B7EFFF32C8621EF006C9BEA /* LoginType.swift in Sources */,
				3BF326962C863DD6008C3190 /* UIView+.swift in Sources */,
				3B5587CE2C7359A000EBA61F /* Combine+.swift in Sources */,
				3B5587C82C73557200EBA61F /* AuthViewModel.swift in Sources */,
				3BDCA9FA2C7DD16800825EAB /* KakaoLoginManager.swift in Sources */,
				3B7EFFF52C8626BA006C9BEA /* OAuthManagerImpl.swift in Sources */,
				3B55878B2C733F1A00EBA61F /* AuthViewController.swift in Sources */,
				3B7EFFF02C86219E006C9BEA /* OAuthManager.swift in Sources */,
				3B5587CB2C73559A00EBA61F /* AuthViewModelImpl.swift in Sources */,
				3B5587872C733F1A00EBA61F /* AppDelegate.swift in Sources */,
				3B5587892C733F1A00EBA61F /* SceneDelegate.swift in Sources */,
				3BC681582C8705A400E9E5DB /* AuthService.swift in Sources */,
				3BAD27F32C89C72800279C9C /* Config.swift in Sources */,
				3B0222702C74983000E738FF /* ASAuthorizationControllerCombineDelegate.swift in Sources */,
				3B5587D42C736F4E00EBA61F /* AppleLoginManager.swift in Sources */,
			);
			runOnlyForDeploymentPostprocessing = 0;
		};
		3B5587952C733F1C00EBA61F /* Sources */ = {
			isa = PBXSourcesBuildPhase;
			buildActionMask = 2147483647;
			files = (
				3B55879E2C733F1C00EBA61F /* FourcutDiaryTests.swift in Sources */,
			);
			runOnlyForDeploymentPostprocessing = 0;
		};
		3B55879F2C733F1C00EBA61F /* Sources */ = {
			isa = PBXSourcesBuildPhase;
			buildActionMask = 2147483647;
			files = (
				3B5587A82C733F1C00EBA61F /* FourcutDiaryUITests.swift in Sources */,
				3B5587AA2C733F1C00EBA61F /* FourcutDiaryUITestsLaunchTests.swift in Sources */,
			);
			runOnlyForDeploymentPostprocessing = 0;
		};
/* End PBXSourcesBuildPhase section */

/* Begin PBXTargetDependency section */
		3B55879B2C733F1C00EBA61F /* PBXTargetDependency */ = {
			isa = PBXTargetDependency;
			target = 3B5587822C733F1A00EBA61F /* FourcutDiary */;
			targetProxy = 3B55879A2C733F1C00EBA61F /* PBXContainerItemProxy */;
		};
		3B5587A52C733F1C00EBA61F /* PBXTargetDependency */ = {
			isa = PBXTargetDependency;
			target = 3B5587822C733F1A00EBA61F /* FourcutDiary */;
			targetProxy = 3B5587A42C733F1C00EBA61F /* PBXContainerItemProxy */;
		};
/* End PBXTargetDependency section */

/* Begin PBXVariantGroup section */
		3B5587912C733F1B00EBA61F /* LaunchScreen.storyboard */ = {
			isa = PBXVariantGroup;
			children = (
				3B5587922C733F1B00EBA61F /* Base */,
			);
			name = LaunchScreen.storyboard;
			sourceTree = "<group>";
		};
/* End PBXVariantGroup section */

/* Begin XCBuildConfiguration section */
		3B5587AB2C733F1C00EBA61F /* Debug */ = {
			isa = XCBuildConfiguration;
			baseConfigurationReference = 3BAD27F02C89C3FD00279C9C /* Debug.xcconfig */;
			buildSettings = {
				ALWAYS_SEARCH_USER_PATHS = NO;
				ASSETCATALOG_COMPILER_GENERATE_SWIFT_ASSET_SYMBOL_EXTENSIONS = YES;
				CLANG_ANALYZER_NONNULL = YES;
				CLANG_ANALYZER_NUMBER_OBJECT_CONVERSION = YES_AGGRESSIVE;
				CLANG_CXX_LANGUAGE_STANDARD = "gnu++20";
				CLANG_ENABLE_MODULES = YES;
				CLANG_ENABLE_OBJC_ARC = YES;
				CLANG_ENABLE_OBJC_WEAK = YES;
				CLANG_WARN_BLOCK_CAPTURE_AUTORELEASING = YES;
				CLANG_WARN_BOOL_CONVERSION = YES;
				CLANG_WARN_COMMA = YES;
				CLANG_WARN_CONSTANT_CONVERSION = YES;
				CLANG_WARN_DEPRECATED_OBJC_IMPLEMENTATIONS = YES;
				CLANG_WARN_DIRECT_OBJC_ISA_USAGE = YES_ERROR;
				CLANG_WARN_DOCUMENTATION_COMMENTS = YES;
				CLANG_WARN_EMPTY_BODY = YES;
				CLANG_WARN_ENUM_CONVERSION = YES;
				CLANG_WARN_INFINITE_RECURSION = YES;
				CLANG_WARN_INT_CONVERSION = YES;
				CLANG_WARN_NON_LITERAL_NULL_CONVERSION = YES;
				CLANG_WARN_OBJC_IMPLICIT_RETAIN_SELF = YES;
				CLANG_WARN_OBJC_LITERAL_CONVERSION = YES;
				CLANG_WARN_OBJC_ROOT_CLASS = YES_ERROR;
				CLANG_WARN_QUOTED_INCLUDE_IN_FRAMEWORK_HEADER = YES;
				CLANG_WARN_RANGE_LOOP_ANALYSIS = YES;
				CLANG_WARN_STRICT_PROTOTYPES = YES;
				CLANG_WARN_SUSPICIOUS_MOVE = YES;
				CLANG_WARN_UNGUARDED_AVAILABILITY = YES_AGGRESSIVE;
				CLANG_WARN_UNREACHABLE_CODE = YES;
				CLANG_WARN__DUPLICATE_METHOD_MATCH = YES;
				COPY_PHASE_STRIP = NO;
				DEBUG_INFORMATION_FORMAT = dwarf;
				ENABLE_STRICT_OBJC_MSGSEND = YES;
				ENABLE_TESTABILITY = YES;
				ENABLE_USER_SCRIPT_SANDBOXING = YES;
				GCC_C_LANGUAGE_STANDARD = gnu17;
				GCC_DYNAMIC_NO_PIC = NO;
				GCC_NO_COMMON_BLOCKS = YES;
				GCC_OPTIMIZATION_LEVEL = 0;
				GCC_PREPROCESSOR_DEFINITIONS = (
					"DEBUG=1",
					"$(inherited)",
				);
				GCC_WARN_64_TO_32_BIT_CONVERSION = YES;
				GCC_WARN_ABOUT_RETURN_TYPE = YES_ERROR;
				GCC_WARN_UNDECLARED_SELECTOR = YES;
				GCC_WARN_UNINITIALIZED_AUTOS = YES_AGGRESSIVE;
				GCC_WARN_UNUSED_FUNCTION = YES;
				GCC_WARN_UNUSED_VARIABLE = YES;
				IPHONEOS_DEPLOYMENT_TARGET = 17.2;
				LOCALIZATION_PREFERS_STRING_CATALOGS = YES;
				MTL_ENABLE_DEBUG_INFO = INCLUDE_SOURCE;
				MTL_FAST_MATH = YES;
				ONLY_ACTIVE_ARCH = YES;
				SDKROOT = iphoneos;
				SWIFT_ACTIVE_COMPILATION_CONDITIONS = "DEBUG $(inherited)";
				SWIFT_OPTIMIZATION_LEVEL = "-Onone";
			};
			name = Debug;
		};
		3B5587AC2C733F1C00EBA61F /* Release */ = {
			isa = XCBuildConfiguration;
			baseConfigurationReference = 3BAD27F02C89C3FD00279C9C /* Debug.xcconfig */;
			buildSettings = {
				ALWAYS_SEARCH_USER_PATHS = NO;
				ASSETCATALOG_COMPILER_GENERATE_SWIFT_ASSET_SYMBOL_EXTENSIONS = YES;
				CLANG_ANALYZER_NONNULL = YES;
				CLANG_ANALYZER_NUMBER_OBJECT_CONVERSION = YES_AGGRESSIVE;
				CLANG_CXX_LANGUAGE_STANDARD = "gnu++20";
				CLANG_ENABLE_MODULES = YES;
				CLANG_ENABLE_OBJC_ARC = YES;
				CLANG_ENABLE_OBJC_WEAK = YES;
				CLANG_WARN_BLOCK_CAPTURE_AUTORELEASING = YES;
				CLANG_WARN_BOOL_CONVERSION = YES;
				CLANG_WARN_COMMA = YES;
				CLANG_WARN_CONSTANT_CONVERSION = YES;
				CLANG_WARN_DEPRECATED_OBJC_IMPLEMENTATIONS = YES;
				CLANG_WARN_DIRECT_OBJC_ISA_USAGE = YES_ERROR;
				CLANG_WARN_DOCUMENTATION_COMMENTS = YES;
				CLANG_WARN_EMPTY_BODY = YES;
				CLANG_WARN_ENUM_CONVERSION = YES;
				CLANG_WARN_INFINITE_RECURSION = YES;
				CLANG_WARN_INT_CONVERSION = YES;
				CLANG_WARN_NON_LITERAL_NULL_CONVERSION = YES;
				CLANG_WARN_OBJC_IMPLICIT_RETAIN_SELF = YES;
				CLANG_WARN_OBJC_LITERAL_CONVERSION = YES;
				CLANG_WARN_OBJC_ROOT_CLASS = YES_ERROR;
				CLANG_WARN_QUOTED_INCLUDE_IN_FRAMEWORK_HEADER = YES;
				CLANG_WARN_RANGE_LOOP_ANALYSIS = YES;
				CLANG_WARN_STRICT_PROTOTYPES = YES;
				CLANG_WARN_SUSPICIOUS_MOVE = YES;
				CLANG_WARN_UNGUARDED_AVAILABILITY = YES_AGGRESSIVE;
				CLANG_WARN_UNREACHABLE_CODE = YES;
				CLANG_WARN__DUPLICATE_METHOD_MATCH = YES;
				COPY_PHASE_STRIP = NO;
				DEBUG_INFORMATION_FORMAT = "dwarf-with-dsym";
				ENABLE_NS_ASSERTIONS = NO;
				ENABLE_STRICT_OBJC_MSGSEND = YES;
				ENABLE_USER_SCRIPT_SANDBOXING = YES;
				GCC_C_LANGUAGE_STANDARD = gnu17;
				GCC_NO_COMMON_BLOCKS = YES;
				GCC_WARN_64_TO_32_BIT_CONVERSION = YES;
				GCC_WARN_ABOUT_RETURN_TYPE = YES_ERROR;
				GCC_WARN_UNDECLARED_SELECTOR = YES;
				GCC_WARN_UNINITIALIZED_AUTOS = YES_AGGRESSIVE;
				GCC_WARN_UNUSED_FUNCTION = YES;
				GCC_WARN_UNUSED_VARIABLE = YES;
				IPHONEOS_DEPLOYMENT_TARGET = 17.2;
				LOCALIZATION_PREFERS_STRING_CATALOGS = YES;
				MTL_ENABLE_DEBUG_INFO = NO;
				MTL_FAST_MATH = YES;
				SDKROOT = iphoneos;
				SWIFT_COMPILATION_MODE = wholemodule;
				VALIDATE_PRODUCT = YES;
			};
			name = Release;
		};
		3B5587AE2C733F1C00EBA61F /* Debug */ = {
			isa = XCBuildConfiguration;
			buildSettings = {
				ASSETCATALOG_COMPILER_APPICON_NAME = AppIcon;
				ASSETCATALOG_COMPILER_GLOBAL_ACCENT_COLOR_NAME = AccentColor;
				CODE_SIGN_ENTITLEMENTS = FourcutDiary.entitlements;
				CODE_SIGN_IDENTITY = "Apple Development";
				"CODE_SIGN_IDENTITY[sdk=iphoneos*]" = "iPhone Developer";
				CODE_SIGN_INJECT_BASE_ENTITLEMENTS = YES;
				CODE_SIGN_STYLE = Manual;
				CURRENT_PROJECT_VERSION = 1;
				DEVELOPMENT_TEAM = "";
				"DEVELOPMENT_TEAM[sdk=iphoneos*]" = CQJ9UKUU35;
				GENERATE_INFOPLIST_FILE = YES;
				INFOPLIST_FILE = FourcutDiary/Application/Info.plist;
				INFOPLIST_KEY_UIApplicationSupportsIndirectInputEvents = YES;
				INFOPLIST_KEY_UILaunchStoryboardName = LaunchScreen;
				INFOPLIST_KEY_UISupportedInterfaceOrientations_iPad = "UIInterfaceOrientationPortrait UIInterfaceOrientationPortraitUpsideDown UIInterfaceOrientationLandscapeLeft UIInterfaceOrientationLandscapeRight";
				INFOPLIST_KEY_UISupportedInterfaceOrientations_iPhone = "UIInterfaceOrientationPortrait UIInterfaceOrientationLandscapeLeft UIInterfaceOrientationLandscapeRight";
				LD_RUNPATH_SEARCH_PATHS = (
					"$(inherited)",
					"@executable_path/Frameworks",
				);
				MARKETING_VERSION = 1.0;
				PRODUCT_BUNDLE_IDENTIFIER = yundol.FourcutDiary;
				PRODUCT_NAME = "$(TARGET_NAME)";
				PROVISIONING_PROFILE_SPECIFIER = "";
				"PROVISIONING_PROFILE_SPECIFIER[sdk=iphoneos*]" = FourcutDiaryDebug;
				SWIFT_EMIT_LOC_STRINGS = YES;
				SWIFT_VERSION = 5.0;
				TARGETED_DEVICE_FAMILY = "1,2";
			};
			name = Debug;
		};
		3B5587AF2C733F1C00EBA61F /* Release */ = {
			isa = XCBuildConfiguration;
			buildSettings = {
				ASSETCATALOG_COMPILER_APPICON_NAME = AppIcon;
				ASSETCATALOG_COMPILER_GLOBAL_ACCENT_COLOR_NAME = AccentColor;
				CODE_SIGN_ENTITLEMENTS = FourcutDiary.entitlements;
				CODE_SIGN_IDENTITY = "Apple Development";
				"CODE_SIGN_IDENTITY[sdk=iphoneos*]" = "iPhone Distribution";
				CODE_SIGN_INJECT_BASE_ENTITLEMENTS = YES;
				CODE_SIGN_STYLE = Manual;
				CURRENT_PROJECT_VERSION = 1;
				DEVELOPMENT_TEAM = "";
				"DEVELOPMENT_TEAM[sdk=iphoneos*]" = CQJ9UKUU35;
				GENERATE_INFOPLIST_FILE = YES;
				INFOPLIST_FILE = FourcutDiary/Application/Info.plist;
				INFOPLIST_KEY_UIApplicationSupportsIndirectInputEvents = YES;
				INFOPLIST_KEY_UILaunchStoryboardName = LaunchScreen;
				INFOPLIST_KEY_UISupportedInterfaceOrientations_iPad = "UIInterfaceOrientationPortrait UIInterfaceOrientationPortraitUpsideDown UIInterfaceOrientationLandscapeLeft UIInterfaceOrientationLandscapeRight";
				INFOPLIST_KEY_UISupportedInterfaceOrientations_iPhone = "UIInterfaceOrientationPortrait UIInterfaceOrientationLandscapeLeft UIInterfaceOrientationLandscapeRight";
				LD_RUNPATH_SEARCH_PATHS = (
					"$(inherited)",
					"@executable_path/Frameworks",
				);
				MARKETING_VERSION = 1.0;
				PRODUCT_BUNDLE_IDENTIFIER = yundol.FourcutDiary;
				PRODUCT_NAME = "$(TARGET_NAME)";
				PROVISIONING_PROFILE_SPECIFIER = "";
				"PROVISIONING_PROFILE_SPECIFIER[sdk=iphoneos*]" = FourcutDiaryRelease;
				SWIFT_EMIT_LOC_STRINGS = YES;
				SWIFT_VERSION = 5.0;
				TARGETED_DEVICE_FAMILY = "1,2";
			};
			name = Release;
		};
		3B5587B12C733F1C00EBA61F /* Debug */ = {
			isa = XCBuildConfiguration;
			buildSettings = {
				ALWAYS_EMBED_SWIFT_STANDARD_LIBRARIES = YES;
				BUNDLE_LOADER = "$(TEST_HOST)";
				CODE_SIGN_STYLE = Automatic;
				CURRENT_PROJECT_VERSION = 1;
				DEVELOPMENT_TEAM = CQJ9UKUU35;
				GENERATE_INFOPLIST_FILE = YES;
				IPHONEOS_DEPLOYMENT_TARGET = 17.2;
				MARKETING_VERSION = 1.0;
				PRODUCT_BUNDLE_IDENTIFIER = com.yundol.FourcutDiaryTests;
				PRODUCT_NAME = "$(TARGET_NAME)";
				SWIFT_EMIT_LOC_STRINGS = NO;
				SWIFT_VERSION = 5.0;
				TARGETED_DEVICE_FAMILY = "1,2";
				TEST_HOST = "$(BUILT_PRODUCTS_DIR)/FourcutDiary.app/$(BUNDLE_EXECUTABLE_FOLDER_PATH)/FourcutDiary";
			};
			name = Debug;
		};
		3B5587B22C733F1C00EBA61F /* Release */ = {
			isa = XCBuildConfiguration;
			buildSettings = {
				ALWAYS_EMBED_SWIFT_STANDARD_LIBRARIES = YES;
				BUNDLE_LOADER = "$(TEST_HOST)";
				CODE_SIGN_STYLE = Automatic;
				CURRENT_PROJECT_VERSION = 1;
				DEVELOPMENT_TEAM = CQJ9UKUU35;
				GENERATE_INFOPLIST_FILE = YES;
				IPHONEOS_DEPLOYMENT_TARGET = 17.2;
				MARKETING_VERSION = 1.0;
				PRODUCT_BUNDLE_IDENTIFIER = com.yundol.FourcutDiaryTests;
				PRODUCT_NAME = "$(TARGET_NAME)";
				SWIFT_EMIT_LOC_STRINGS = NO;
				SWIFT_VERSION = 5.0;
				TARGETED_DEVICE_FAMILY = "1,2";
				TEST_HOST = "$(BUILT_PRODUCTS_DIR)/FourcutDiary.app/$(BUNDLE_EXECUTABLE_FOLDER_PATH)/FourcutDiary";
			};
			name = Release;
		};
		3B5587B42C733F1C00EBA61F /* Debug */ = {
			isa = XCBuildConfiguration;
			buildSettings = {
				ALWAYS_EMBED_SWIFT_STANDARD_LIBRARIES = YES;
				CODE_SIGN_STYLE = Automatic;
				CURRENT_PROJECT_VERSION = 1;
				DEVELOPMENT_TEAM = CQJ9UKUU35;
				GENERATE_INFOPLIST_FILE = YES;
				MARKETING_VERSION = 1.0;
				PRODUCT_BUNDLE_IDENTIFIER = com.yundol.FourcutDiaryUITests;
				PRODUCT_NAME = "$(TARGET_NAME)";
				SWIFT_EMIT_LOC_STRINGS = NO;
				SWIFT_VERSION = 5.0;
				TARGETED_DEVICE_FAMILY = "1,2";
				TEST_TARGET_NAME = FourcutDiary;
			};
			name = Debug;
		};
		3B5587B52C733F1C00EBA61F /* Release */ = {
			isa = XCBuildConfiguration;
			buildSettings = {
				ALWAYS_EMBED_SWIFT_STANDARD_LIBRARIES = YES;
				CODE_SIGN_STYLE = Automatic;
				CURRENT_PROJECT_VERSION = 1;
				DEVELOPMENT_TEAM = CQJ9UKUU35;
				GENERATE_INFOPLIST_FILE = YES;
				MARKETING_VERSION = 1.0;
				PRODUCT_BUNDLE_IDENTIFIER = com.yundol.FourcutDiaryUITests;
				PRODUCT_NAME = "$(TARGET_NAME)";
				SWIFT_EMIT_LOC_STRINGS = NO;
				SWIFT_VERSION = 5.0;
				TARGETED_DEVICE_FAMILY = "1,2";
				TEST_TARGET_NAME = FourcutDiary;
			};
			name = Release;
		};
/* End XCBuildConfiguration section */

/* Begin XCConfigurationList section */
		3B55877E2C733F1A00EBA61F /* Build configuration list for PBXProject "FourcutDiary" */ = {
			isa = XCConfigurationList;
			buildConfigurations = (
				3B5587AB2C733F1C00EBA61F /* Debug */,
				3B5587AC2C733F1C00EBA61F /* Release */,
			);
			defaultConfigurationIsVisible = 0;
			defaultConfigurationName = Release;
		};
		3B5587AD2C733F1C00EBA61F /* Build configuration list for PBXNativeTarget "FourcutDiary" */ = {
			isa = XCConfigurationList;
			buildConfigurations = (
				3B5587AE2C733F1C00EBA61F /* Debug */,
				3B5587AF2C733F1C00EBA61F /* Release */,
			);
			defaultConfigurationIsVisible = 0;
			defaultConfigurationName = Release;
		};
		3B5587B02C733F1C00EBA61F /* Build configuration list for PBXNativeTarget "FourcutDiaryTests" */ = {
			isa = XCConfigurationList;
			buildConfigurations = (
				3B5587B12C733F1C00EBA61F /* Debug */,
				3B5587B22C733F1C00EBA61F /* Release */,
			);
			defaultConfigurationIsVisible = 0;
			defaultConfigurationName = Release;
		};
		3B5587B32C733F1C00EBA61F /* Build configuration list for PBXNativeTarget "FourcutDiaryUITests" */ = {
			isa = XCConfigurationList;
			buildConfigurations = (
				3B5587B42C733F1C00EBA61F /* Debug */,
				3B5587B52C733F1C00EBA61F /* Release */,
			);
			defaultConfigurationIsVisible = 0;
			defaultConfigurationName = Release;
		};
/* End XCConfigurationList section */

/* Begin XCRemoteSwiftPackageReference section */
		3B30D77B2C8F0B63007DC378 /* XCRemoteSwiftPackageReference "firebase-ios-sdk" */ = {
			isa = XCRemoteSwiftPackageReference;
			repositoryURL = "https://github.com/firebase/firebase-ios-sdk";
			requirement = {
				kind = upToNextMajorVersion;
				minimumVersion = 11.1.0;
			};
		};
		3B5587B72C73439C00EBA61F /* XCRemoteSwiftPackageReference "SnapKit" */ = {
			isa = XCRemoteSwiftPackageReference;
			repositoryURL = "https://github.com/SnapKit/SnapKit";
			requirement = {
				kind = upToNextMajorVersion;
				minimumVersion = 5.7.1;
			};
		};
		3BDCA9FD2C7DD2B400825EAB /* XCRemoteSwiftPackageReference "kakao-ios-sdk" */ = {
			isa = XCRemoteSwiftPackageReference;
			repositoryURL = "https://github.com/kakao/kakao-ios-sdk";
			requirement = {
				branch = master;
				kind = branch;
			};
		};
/* End XCRemoteSwiftPackageReference section */

/* Begin XCSwiftPackageProductDependency section */
		3B30D77C2C8F0B63007DC378 /* FirebaseAnalytics */ = {
			isa = XCSwiftPackageProductDependency;
			package = 3B30D77B2C8F0B63007DC378 /* XCRemoteSwiftPackageReference "firebase-ios-sdk" */;
			productName = FirebaseAnalytics;
		};
		3B30D77E2C8F0B63007DC378 /* FirebaseMessaging */ = {
			isa = XCSwiftPackageProductDependency;
			package = 3B30D77B2C8F0B63007DC378 /* XCRemoteSwiftPackageReference "firebase-ios-sdk" */;
			productName = FirebaseMessaging;
		};
		3B5587B82C73439C00EBA61F /* SnapKit */ = {
			isa = XCSwiftPackageProductDependency;
			package = 3B5587B72C73439C00EBA61F /* XCRemoteSwiftPackageReference "SnapKit" */;
			productName = SnapKit;
		};
		3BDCA9FE2C7DD2B400825EAB /* KakaoSDK */ = {
			isa = XCSwiftPackageProductDependency;
			package = 3BDCA9FD2C7DD2B400825EAB /* XCRemoteSwiftPackageReference "kakao-ios-sdk" */;
			productName = KakaoSDK;
		};
		3BDCAA002C7DD2B400825EAB /* KakaoSDKAuth */ = {
			isa = XCSwiftPackageProductDependency;
			package = 3BDCA9FD2C7DD2B400825EAB /* XCRemoteSwiftPackageReference "kakao-ios-sdk" */;
			productName = KakaoSDKAuth;
		};
/* End XCSwiftPackageProductDependency section */
	};
	rootObject = 3B55877B2C733F1A00EBA61F /* Project object */;
}
